// !$*UTF8*$!
{
	archiveVersion = 1;
	classes = {
	};
	objectVersion = 50;
	objects = {

/* Begin PBXBuildFile section */
		520BD97B25990F7200659295 /* AppDelegate.swift in Sources */ = {isa = PBXBuildFile; fileRef = 520BD97A25990F7200659295 /* AppDelegate.swift */; };
		520BD97D25990F7200659295 /* SceneDelegate.swift in Sources */ = {isa = PBXBuildFile; fileRef = 520BD97C25990F7200659295 /* SceneDelegate.swift */; };
		520BD97F25990F7200659295 /* MainMenuViewController.swift in Sources */ = {isa = PBXBuildFile; fileRef = 520BD97E25990F7200659295 /* MainMenuViewController.swift */; };
		520BD98725990F7300659295 /* Assets.xcassets in Resources */ = {isa = PBXBuildFile; fileRef = 520BD98625990F7300659295 /* Assets.xcassets */; };
		520BD98A25990F7300659295 /* LaunchScreen.storyboard in Resources */ = {isa = PBXBuildFile; fileRef = 520BD98825990F7300659295 /* LaunchScreen.storyboard */; };
		521D4254259E42980079D68A /* UIColor+HEX.swift in Sources */ = {isa = PBXBuildFile; fileRef = 521D4253259E42980079D68A /* UIColor+HEX.swift */; };
		521D4257259E57F30079D68A /* ColorPalette.swift in Sources */ = {isa = PBXBuildFile; fileRef = 521D4256259E57F30079D68A /* ColorPalette.swift */; };
		521D425A259E6BD70079D68A /* ImageAssets.swift in Sources */ = {isa = PBXBuildFile; fileRef = 521D4259259E6BD70079D68A /* ImageAssets.swift */; };
		521D425E259E74D50079D68A /* MenuItem.swift in Sources */ = {isa = PBXBuildFile; fileRef = 521D425D259E74D50079D68A /* MenuItem.swift */; };
		52319E55259E8C3700B8EEC5 /* CitiesViewController.swift in Sources */ = {isa = PBXBuildFile; fileRef = 52319E54259E8C3700B8EEC5 /* CitiesViewController.swift */; };
		52319E5A259E8CDB00B8EEC5 /* CitiesViewModel.swift in Sources */ = {isa = PBXBuildFile; fileRef = 52319E59259E8CDB00B8EEC5 /* CitiesViewModel.swift */; };
		524C697325A2464400839F06 /* UIControl+Publisher.swift in Sources */ = {isa = PBXBuildFile; fileRef = 524C697225A2464400839F06 /* UIControl+Publisher.swift */; };
		5253DFFC259E8DE40044F603 /* AppDependencyContainer+CitiesAssembly.swift in Sources */ = {isa = PBXBuildFile; fileRef = 5253DFFB259E8DE40044F603 /* AppDependencyContainer+CitiesAssembly.swift */; };
		5253E000259E8FD30044F603 /* PreviewMocks.swift in Sources */ = {isa = PBXBuildFile; fileRef = 5253DFFF259E8FD30044F603 /* PreviewMocks.swift */; };
		528C5C14259CEB11002D0BFE /* MainMenuViewModel.swift in Sources */ = {isa = PBXBuildFile; fileRef = 528C5C13259CEB11002D0BFE /* MainMenuViewModel.swift */; };
		52914653259CEC4200E0F253 /* AppDependencyContainer+MainMenuAssembly.swift in Sources */ = {isa = PBXBuildFile; fileRef = 52914652259CEC4200E0F253 /* AppDependencyContainer+MainMenuAssembly.swift */; };
		52BDF651259CEF5300E129CA /* MenuCollectionViewCell.swift in Sources */ = {isa = PBXBuildFile; fileRef = 52BDF650259CEF5300E129CA /* MenuCollectionViewCell.swift */; };
		52BDF657259D12A700E129CA /* UIView+ReusableView.swift in Sources */ = {isa = PBXBuildFile; fileRef = 52BDF656259D12A700E129CA /* UIView+ReusableView.swift */; };
		52BDF65E259D15D900E129CA /* UICollectionView+DequeueReusableCell.swift in Sources */ = {isa = PBXBuildFile; fileRef = 52BDF65D259D15D900E129CA /* UICollectionView+DequeueReusableCell.swift */; };
		52BDF662259D168800E129CA /* UITableView+DequeueReusableCell.swift in Sources */ = {isa = PBXBuildFile; fileRef = 52BDF661259D168800E129CA /* UITableView+DequeueReusableCell.swift */; };
		52C7872725992425001F5B68 /* CoreDataStack.swift in Sources */ = {isa = PBXBuildFile; fileRef = 52C7872625992425001F5B68 /* CoreDataStack.swift */; };
		52C7872D25992778001F5B68 /* AppDependencyContainer.swift in Sources */ = {isa = PBXBuildFile; fileRef = 52C7872C25992778001F5B68 /* AppDependencyContainer.swift */; };
		52D94DF725A2505D000D291B /* Domain.swift in Sources */ = {isa = PBXBuildFile; fileRef = 52D94DF625A2505D000D291B /* Domain.swift */; };
		52D94DFA25A25071000D291B /* Domain+City.swift in Sources */ = {isa = PBXBuildFile; fileRef = 52D94DF925A25071000D291B /* Domain+City.swift */; };
		52D94DFD25A250F4000D291B /* Domain+Student.swift in Sources */ = {isa = PBXBuildFile; fileRef = 52D94DFC25A250F4000D291B /* Domain+Student.swift */; };
		52D94E0025A2514A000D291B /* Domain+Group.swift in Sources */ = {isa = PBXBuildFile; fileRef = 52D94DFF25A2514A000D291B /* Domain+Group.swift */; };
		52D94E1C25A25301000D291B /* Domain+OutputObject.swift in Sources */ = {isa = PBXBuildFile; fileRef = 52D94E1B25A25301000D291B /* Domain+OutputObject.swift */; };
		52EBA2E8259F9FA500B77C10 /* MockCity.swift in Sources */ = {isa = PBXBuildFile; fileRef = 52EBA2E7259F9FA500B77C10 /* MockCity.swift */; };
		52EBA2ED259FA3FA00B77C10 /* CityTableViewCell.swift in Sources */ = {isa = PBXBuildFile; fileRef = 52EBA2EC259FA3FA00B77C10 /* CityTableViewCell.swift */; };
		52EBA2F025A0C46D00B77C10 /* InputFormViewController.swift in Sources */ = {isa = PBXBuildFile; fileRef = 52EBA2EF25A0C46D00B77C10 /* InputFormViewController.swift */; };
		52EBA2F725A10A0E00B77C10 /* TextFieldCollectionViewCell.swift in Sources */ = {isa = PBXBuildFile; fileRef = 52EBA2F625A10A0E00B77C10 /* TextFieldCollectionViewCell.swift */; };
		52EBA30125A2265000B77C10 /* SaveButtonCollectionViewCell.swift in Sources */ = {isa = PBXBuildFile; fileRef = 52EBA30025A2265000B77C10 /* SaveButtonCollectionViewCell.swift */; };
		8819538425D3215F009337EF /* CoreDataManger+CityTests.swift in Sources */ = {isa = PBXBuildFile; fileRef = 8819538325D3215F009337EF /* CoreDataManger+CityTests.swift */; };
		8819538E25D32CF3009337EF /* ExampleCoreDataStack.swift in Sources */ = {isa = PBXBuildFile; fileRef = 8819538D25D32CF3009337EF /* ExampleCoreDataStack.swift */; };
		8826F95F26261D570093499D /* City+Extension.swift in Sources */ = {isa = PBXBuildFile; fileRef = 8826F95E26261D570093499D /* City+Extension.swift */; };
		883E2D6F25B333DD009F3D7A /* String+IsBlank.swift in Sources */ = {isa = PBXBuildFile; fileRef = 883E2D6E25B333DD009F3D7A /* String+IsBlank.swift */; };
		885ED91F25B6252C00DBC630 /* NSRegularExpression+Match.swift in Sources */ = {isa = PBXBuildFile; fileRef = 885ED91E25B6252C00DBC630 /* NSRegularExpression+Match.swift */; };
		885ED92225B62AF100DBC630 /* ValidatorConvertible.swift in Sources */ = {isa = PBXBuildFile; fileRef = 885ED92125B62AF100DBC630 /* ValidatorConvertible.swift */; };
		885ED92825B639BF00DBC630 /* UITextField+ContentPadding.swift in Sources */ = {isa = PBXBuildFile; fileRef = 885ED92725B639BF00DBC630 /* UITextField+ContentPadding.swift */; };
		885ED94A25B7796A00DBC630 /* FormInputConfigurator.swift in Sources */ = {isa = PBXBuildFile; fileRef = 885ED94925B7796A00DBC630 /* FormInputConfigurator.swift */; };
		88657DF125D1F3680024DEF1 /* CoreDataManager+CitiesManager.swift in Sources */ = {isa = PBXBuildFile; fileRef = 88657DF025D1F3680024DEF1 /* CoreDataManager+CitiesManager.swift */; };
		8875A7CA25D1F6F400090861 /* CoreDataModel+Managed.swift in Sources */ = {isa = PBXBuildFile; fileRef = 8875A7C925D1F6F400090861 /* CoreDataModel+Managed.swift */; };
		8899DDCD262770C800A87DD3 /* NSManagedObjectContext+Extension.swift in Sources */ = {isa = PBXBuildFile; fileRef = 8899DDCC262770C800A87DD3 /* NSManagedObjectContext+Extension.swift */; };
		889ECA4725D03513007DF6E0 /* NSManagedObject+Managed.swift in Sources */ = {isa = PBXBuildFile; fileRef = 889ECA4625D03513007DF6E0 /* NSManagedObject+Managed.swift */; };
		88A41BF526165B5D009F3E67 /* CoreDataManaged+StudentsManager.swift in Sources */ = {isa = PBXBuildFile; fileRef = 88A41BF426165B5D009F3E67 /* CoreDataManaged+StudentsManager.swift */; };
		88A41C01261661AB009F3E67 /* Student+Extension.swift in Sources */ = {isa = PBXBuildFile; fileRef = 88A41C00261661AB009F3E67 /* Student+Extension.swift */; };
		88AB0D5025EEB878007E4B61 /* StudentsViewController.swift in Sources */ = {isa = PBXBuildFile; fileRef = 88AB0D4F25EEB878007E4B61 /* StudentsViewController.swift */; };
		88AB0D5425EEB88D007E4B61 /* StudentsViewModel.swift in Sources */ = {isa = PBXBuildFile; fileRef = 88AB0D5325EEB88D007E4B61 /* StudentsViewModel.swift */; };
		88B053AB26261FBE007E6E1A /* CoreDataSchool.xcdatamodeld in Sources */ = {isa = PBXBuildFile; fileRef = 88B053A926261FBE007E6E1A /* CoreDataSchool.xcdatamodeld */; };
		88B053B426261FE2007E6E1A /* Student+CoreDataClass.swift in Sources */ = {isa = PBXBuildFile; fileRef = 88B053B026261FE2007E6E1A /* Student+CoreDataClass.swift */; };
		88B053B526261FE2007E6E1A /* Student+CoreDataProperties.swift in Sources */ = {isa = PBXBuildFile; fileRef = 88B053B126261FE2007E6E1A /* Student+CoreDataProperties.swift */; };
		88B053B626261FE2007E6E1A /* City+CoreDataClass.swift in Sources */ = {isa = PBXBuildFile; fileRef = 88B053B226261FE2007E6E1A /* City+CoreDataClass.swift */; };
		88B053B726261FE2007E6E1A /* City+CoreDataProperties.swift in Sources */ = {isa = PBXBuildFile; fileRef = 88B053B326261FE2007E6E1A /* City+CoreDataProperties.swift */; };
		88C0E78E25CD52C200DA9AD7 /* UIViewController+DocumentsURL.swift in Sources */ = {isa = PBXBuildFile; fileRef = 88C0E78D25CD52C200DA9AD7 /* UIViewController+DocumentsURL.swift */; };
		88C3D24B25F00A66009E7D31 /* StudentTableViewCell.swift in Sources */ = {isa = PBXBuildFile; fileRef = 88C3D24A25F00A66009E7D31 /* StudentTableViewCell.swift */; };
		88C3D25025F00BC1009E7D31 /* AppDependencyContainer+StudentsAssembly.swift in Sources */ = {isa = PBXBuildFile; fileRef = 88C3D24F25F00BC1009E7D31 /* AppDependencyContainer+StudentsAssembly.swift */; };
		88D00A7825B378AD00E50871 /* Validator.swift in Sources */ = {isa = PBXBuildFile; fileRef = 88D00A7725B378AD00E50871 /* Validator.swift */; };
		88DA2D7F25C09C3200EBFC86 /* CoreDataManager.swift in Sources */ = {isa = PBXBuildFile; fileRef = 88DA2D7E25C09C3200EBFC86 /* CoreDataManager.swift */; };
		88DCED5D25BDBB3200EC2399 /* UIViewController+Alert.swift in Sources */ = {isa = PBXBuildFile; fileRef = 88DCED5C25BDBB3200EC2399 /* UIViewController+Alert.swift */; };
		88EEFDD925E9470600DC6605 /* Group+CoreDataClass.swift in Sources */ = {isa = PBXBuildFile; fileRef = 88EEFDD325E9470600DC6605 /* Group+CoreDataClass.swift */; };
		88EEFDDA25E9470600DC6605 /* Group+CoreDataProperties.swift in Sources */ = {isa = PBXBuildFile; fileRef = 88EEFDD425E9470600DC6605 /* Group+CoreDataProperties.swift */; };
		88FCED6B2603FC1D00EC5A89 /* Domain+Sex.swift in Sources */ = {isa = PBXBuildFile; fileRef = 88FCED6A2603FC1D00EC5A89 /* Domain+Sex.swift */; };
/* End PBXBuildFile section */

/* Begin PBXContainerItemProxy section */
		8819538625D3215F009337EF /* PBXContainerItemProxy */ = {
			isa = PBXContainerItemProxy;
			containerPortal = 520BD96F25990F7200659295 /* Project object */;
			proxyType = 1;
			remoteGlobalIDString = 520BD97625990F7200659295;
			remoteInfo = CoreDataSchool;
		};
/* End PBXContainerItemProxy section */

/* Begin PBXFileReference section */
		520BD97725990F7200659295 /* CoreDataSchool.app */ = {isa = PBXFileReference; explicitFileType = wrapper.application; includeInIndex = 0; path = CoreDataSchool.app; sourceTree = BUILT_PRODUCTS_DIR; };
		520BD97A25990F7200659295 /* AppDelegate.swift */ = {isa = PBXFileReference; lastKnownFileType = sourcecode.swift; path = AppDelegate.swift; sourceTree = "<group>"; };
		520BD97C25990F7200659295 /* SceneDelegate.swift */ = {isa = PBXFileReference; lastKnownFileType = sourcecode.swift; path = SceneDelegate.swift; sourceTree = "<group>"; };
		520BD97E25990F7200659295 /* MainMenuViewController.swift */ = {isa = PBXFileReference; lastKnownFileType = sourcecode.swift; path = MainMenuViewController.swift; sourceTree = "<group>"; };
		520BD98625990F7300659295 /* Assets.xcassets */ = {isa = PBXFileReference; lastKnownFileType = folder.assetcatalog; path = Assets.xcassets; sourceTree = "<group>"; };
		520BD98925990F7300659295 /* Base */ = {isa = PBXFileReference; lastKnownFileType = file.storyboard; name = Base; path = Base.lproj/LaunchScreen.storyboard; sourceTree = "<group>"; };
		520BD98B25990F7300659295 /* Info.plist */ = {isa = PBXFileReference; lastKnownFileType = text.plist.xml; path = Info.plist; sourceTree = "<group>"; };
		521D4253259E42980079D68A /* UIColor+HEX.swift */ = {isa = PBXFileReference; lastKnownFileType = sourcecode.swift; path = "UIColor+HEX.swift"; sourceTree = "<group>"; };
		521D4256259E57F30079D68A /* ColorPalette.swift */ = {isa = PBXFileReference; lastKnownFileType = sourcecode.swift; path = ColorPalette.swift; sourceTree = "<group>"; };
		521D4259259E6BD70079D68A /* ImageAssets.swift */ = {isa = PBXFileReference; lastKnownFileType = sourcecode.swift; path = ImageAssets.swift; sourceTree = "<group>"; };
		521D425D259E74D50079D68A /* MenuItem.swift */ = {isa = PBXFileReference; lastKnownFileType = sourcecode.swift; path = MenuItem.swift; sourceTree = "<group>"; };
		52319E54259E8C3700B8EEC5 /* CitiesViewController.swift */ = {isa = PBXFileReference; lastKnownFileType = sourcecode.swift; path = CitiesViewController.swift; sourceTree = "<group>"; };
		52319E59259E8CDB00B8EEC5 /* CitiesViewModel.swift */ = {isa = PBXFileReference; lastKnownFileType = sourcecode.swift; path = CitiesViewModel.swift; sourceTree = "<group>"; };
		524C697225A2464400839F06 /* UIControl+Publisher.swift */ = {isa = PBXFileReference; lastKnownFileType = sourcecode.swift; path = "UIControl+Publisher.swift"; sourceTree = "<group>"; };
		5253DFFB259E8DE40044F603 /* AppDependencyContainer+CitiesAssembly.swift */ = {isa = PBXFileReference; lastKnownFileType = sourcecode.swift; path = "AppDependencyContainer+CitiesAssembly.swift"; sourceTree = "<group>"; };
		5253DFFF259E8FD30044F603 /* PreviewMocks.swift */ = {isa = PBXFileReference; lastKnownFileType = sourcecode.swift; path = PreviewMocks.swift; sourceTree = "<group>"; };
		528C5C13259CEB11002D0BFE /* MainMenuViewModel.swift */ = {isa = PBXFileReference; lastKnownFileType = sourcecode.swift; path = MainMenuViewModel.swift; sourceTree = "<group>"; };
		52914652259CEC4200E0F253 /* AppDependencyContainer+MainMenuAssembly.swift */ = {isa = PBXFileReference; lastKnownFileType = sourcecode.swift; path = "AppDependencyContainer+MainMenuAssembly.swift"; sourceTree = "<group>"; };
		52BDF650259CEF5300E129CA /* MenuCollectionViewCell.swift */ = {isa = PBXFileReference; lastKnownFileType = sourcecode.swift; path = MenuCollectionViewCell.swift; sourceTree = "<group>"; };
		52BDF656259D12A700E129CA /* UIView+ReusableView.swift */ = {isa = PBXFileReference; lastKnownFileType = sourcecode.swift; path = "UIView+ReusableView.swift"; sourceTree = "<group>"; };
		52BDF65D259D15D900E129CA /* UICollectionView+DequeueReusableCell.swift */ = {isa = PBXFileReference; lastKnownFileType = sourcecode.swift; path = "UICollectionView+DequeueReusableCell.swift"; sourceTree = "<group>"; };
		52BDF661259D168800E129CA /* UITableView+DequeueReusableCell.swift */ = {isa = PBXFileReference; lastKnownFileType = sourcecode.swift; path = "UITableView+DequeueReusableCell.swift"; sourceTree = "<group>"; };
		52C7872625992425001F5B68 /* CoreDataStack.swift */ = {isa = PBXFileReference; lastKnownFileType = sourcecode.swift; path = CoreDataStack.swift; sourceTree = "<group>"; };
		52C7872C25992778001F5B68 /* AppDependencyContainer.swift */ = {isa = PBXFileReference; lastKnownFileType = sourcecode.swift; path = AppDependencyContainer.swift; sourceTree = "<group>"; };
		52D94DF625A2505D000D291B /* Domain.swift */ = {isa = PBXFileReference; lastKnownFileType = sourcecode.swift; path = Domain.swift; sourceTree = "<group>"; };
		52D94DF925A25071000D291B /* Domain+City.swift */ = {isa = PBXFileReference; lastKnownFileType = sourcecode.swift; path = "Domain+City.swift"; sourceTree = "<group>"; };
		52D94DFC25A250F4000D291B /* Domain+Student.swift */ = {isa = PBXFileReference; lastKnownFileType = sourcecode.swift; path = "Domain+Student.swift"; sourceTree = "<group>"; };
		52D94DFF25A2514A000D291B /* Domain+Group.swift */ = {isa = PBXFileReference; lastKnownFileType = sourcecode.swift; path = "Domain+Group.swift"; sourceTree = "<group>"; };
		52D94E1B25A25301000D291B /* Domain+OutputObject.swift */ = {isa = PBXFileReference; lastKnownFileType = sourcecode.swift; path = "Domain+OutputObject.swift"; sourceTree = "<group>"; };
		52EBA2E7259F9FA500B77C10 /* MockCity.swift */ = {isa = PBXFileReference; lastKnownFileType = sourcecode.swift; path = MockCity.swift; sourceTree = "<group>"; };
		52EBA2EC259FA3FA00B77C10 /* CityTableViewCell.swift */ = {isa = PBXFileReference; lastKnownFileType = sourcecode.swift; path = CityTableViewCell.swift; sourceTree = "<group>"; };
		52EBA2EF25A0C46D00B77C10 /* InputFormViewController.swift */ = {isa = PBXFileReference; lastKnownFileType = sourcecode.swift; path = InputFormViewController.swift; sourceTree = "<group>"; };
		52EBA2F625A10A0E00B77C10 /* TextFieldCollectionViewCell.swift */ = {isa = PBXFileReference; lastKnownFileType = sourcecode.swift; path = TextFieldCollectionViewCell.swift; sourceTree = "<group>"; };
		52EBA30025A2265000B77C10 /* SaveButtonCollectionViewCell.swift */ = {isa = PBXFileReference; lastKnownFileType = sourcecode.swift; path = SaveButtonCollectionViewCell.swift; sourceTree = "<group>"; };
		8819538125D3215F009337EF /* CoreDataSchoolTests.xctest */ = {isa = PBXFileReference; explicitFileType = wrapper.cfbundle; includeInIndex = 0; path = CoreDataSchoolTests.xctest; sourceTree = BUILT_PRODUCTS_DIR; };
		8819538325D3215F009337EF /* CoreDataManger+CityTests.swift */ = {isa = PBXFileReference; lastKnownFileType = sourcecode.swift; path = "CoreDataManger+CityTests.swift"; sourceTree = "<group>"; };
		8819538525D3215F009337EF /* Info.plist */ = {isa = PBXFileReference; lastKnownFileType = text.plist.xml; path = Info.plist; sourceTree = "<group>"; };
		8819538D25D32CF3009337EF /* ExampleCoreDataStack.swift */ = {isa = PBXFileReference; lastKnownFileType = sourcecode.swift; path = ExampleCoreDataStack.swift; sourceTree = "<group>"; };
		8826F95E26261D570093499D /* City+Extension.swift */ = {isa = PBXFileReference; lastKnownFileType = sourcecode.swift; path = "City+Extension.swift"; sourceTree = "<group>"; };
		883E2D6E25B333DD009F3D7A /* String+IsBlank.swift */ = {isa = PBXFileReference; lastKnownFileType = sourcecode.swift; path = "String+IsBlank.swift"; sourceTree = "<group>"; };
		885ED91E25B6252C00DBC630 /* NSRegularExpression+Match.swift */ = {isa = PBXFileReference; lastKnownFileType = sourcecode.swift; path = "NSRegularExpression+Match.swift"; sourceTree = "<group>"; };
		885ED92125B62AF100DBC630 /* ValidatorConvertible.swift */ = {isa = PBXFileReference; lastKnownFileType = sourcecode.swift; path = ValidatorConvertible.swift; sourceTree = "<group>"; };
		885ED92725B639BF00DBC630 /* UITextField+ContentPadding.swift */ = {isa = PBXFileReference; lastKnownFileType = sourcecode.swift; path = "UITextField+ContentPadding.swift"; sourceTree = "<group>"; };
		885ED94925B7796A00DBC630 /* FormInputConfigurator.swift */ = {isa = PBXFileReference; fileEncoding = 4; lastKnownFileType = sourcecode.swift; path = FormInputConfigurator.swift; sourceTree = "<group>"; };
		88657DF025D1F3680024DEF1 /* CoreDataManager+CitiesManager.swift */ = {isa = PBXFileReference; lastKnownFileType = sourcecode.swift; path = "CoreDataManager+CitiesManager.swift"; sourceTree = "<group>"; };
		8875A7C925D1F6F400090861 /* CoreDataModel+Managed.swift */ = {isa = PBXFileReference; lastKnownFileType = sourcecode.swift; path = "CoreDataModel+Managed.swift"; sourceTree = "<group>"; };
		8899DDCC262770C800A87DD3 /* NSManagedObjectContext+Extension.swift */ = {isa = PBXFileReference; lastKnownFileType = sourcecode.swift; path = "NSManagedObjectContext+Extension.swift"; sourceTree = "<group>"; };
		889ECA4625D03513007DF6E0 /* NSManagedObject+Managed.swift */ = {isa = PBXFileReference; lastKnownFileType = sourcecode.swift; path = "NSManagedObject+Managed.swift"; sourceTree = "<group>"; };
		88A41BF426165B5D009F3E67 /* CoreDataManaged+StudentsManager.swift */ = {isa = PBXFileReference; lastKnownFileType = sourcecode.swift; path = "CoreDataManaged+StudentsManager.swift"; sourceTree = "<group>"; };
		88A41C00261661AB009F3E67 /* Student+Extension.swift */ = {isa = PBXFileReference; lastKnownFileType = sourcecode.swift; path = "Student+Extension.swift"; sourceTree = "<group>"; };
		88AB0D4F25EEB878007E4B61 /* StudentsViewController.swift */ = {isa = PBXFileReference; lastKnownFileType = sourcecode.swift; path = StudentsViewController.swift; sourceTree = "<group>"; };
		88AB0D5325EEB88D007E4B61 /* StudentsViewModel.swift */ = {isa = PBXFileReference; lastKnownFileType = sourcecode.swift; path = StudentsViewModel.swift; sourceTree = "<group>"; };
		88B053AA26261FBE007E6E1A /* CoreDataSchool.xcdatamodel */ = {isa = PBXFileReference; lastKnownFileType = wrapper.xcdatamodel; path = CoreDataSchool.xcdatamodel; sourceTree = "<group>"; };
		88B053B026261FE2007E6E1A /* Student+CoreDataClass.swift */ = {isa = PBXFileReference; lastKnownFileType = sourcecode.swift; path = "Student+CoreDataClass.swift"; sourceTree = "<group>"; };
		88B053B126261FE2007E6E1A /* Student+CoreDataProperties.swift */ = {isa = PBXFileReference; lastKnownFileType = sourcecode.swift; path = "Student+CoreDataProperties.swift"; sourceTree = "<group>"; };
		88B053B226261FE2007E6E1A /* City+CoreDataClass.swift */ = {isa = PBXFileReference; lastKnownFileType = sourcecode.swift; path = "City+CoreDataClass.swift"; sourceTree = "<group>"; };
		88B053B326261FE2007E6E1A /* City+CoreDataProperties.swift */ = {isa = PBXFileReference; lastKnownFileType = sourcecode.swift; path = "City+CoreDataProperties.swift"; sourceTree = "<group>"; };
		88C0E78D25CD52C200DA9AD7 /* UIViewController+DocumentsURL.swift */ = {isa = PBXFileReference; lastKnownFileType = sourcecode.swift; path = "UIViewController+DocumentsURL.swift"; sourceTree = "<group>"; };
		88C3D24A25F00A66009E7D31 /* StudentTableViewCell.swift */ = {isa = PBXFileReference; lastKnownFileType = sourcecode.swift; path = StudentTableViewCell.swift; sourceTree = "<group>"; };
		88C3D24F25F00BC1009E7D31 /* AppDependencyContainer+StudentsAssembly.swift */ = {isa = PBXFileReference; lastKnownFileType = sourcecode.swift; path = "AppDependencyContainer+StudentsAssembly.swift"; sourceTree = "<group>"; };
		88D00A7725B378AD00E50871 /* Validator.swift */ = {isa = PBXFileReference; lastKnownFileType = sourcecode.swift; path = Validator.swift; sourceTree = "<group>"; };
		88DA2D7E25C09C3200EBFC86 /* CoreDataManager.swift */ = {isa = PBXFileReference; lastKnownFileType = sourcecode.swift; path = CoreDataManager.swift; sourceTree = "<group>"; };
		88DCED5C25BDBB3200EC2399 /* UIViewController+Alert.swift */ = {isa = PBXFileReference; lastKnownFileType = sourcecode.swift; path = "UIViewController+Alert.swift"; sourceTree = "<group>"; };
		88EEFDD325E9470600DC6605 /* Group+CoreDataClass.swift */ = {isa = PBXFileReference; lastKnownFileType = sourcecode.swift; path = "Group+CoreDataClass.swift"; sourceTree = "<group>"; };
		88EEFDD425E9470600DC6605 /* Group+CoreDataProperties.swift */ = {isa = PBXFileReference; lastKnownFileType = sourcecode.swift; path = "Group+CoreDataProperties.swift"; sourceTree = "<group>"; };
		88FCED6A2603FC1D00EC5A89 /* Domain+Sex.swift */ = {isa = PBXFileReference; lastKnownFileType = sourcecode.swift; path = "Domain+Sex.swift"; sourceTree = "<group>"; };
/* End PBXFileReference section */

/* Begin PBXFrameworksBuildPhase section */
		520BD97425990F7200659295 /* Frameworks */ = {
			isa = PBXFrameworksBuildPhase;
			buildActionMask = 2147483647;
			files = (
			);
			runOnlyForDeploymentPostprocessing = 0;
		};
		8819537E25D3215F009337EF /* Frameworks */ = {
			isa = PBXFrameworksBuildPhase;
			buildActionMask = 2147483647;
			files = (
			);
			runOnlyForDeploymentPostprocessing = 0;
		};
/* End PBXFrameworksBuildPhase section */

/* Begin PBXGroup section */
		520BD96E25990F7200659295 = {
			isa = PBXGroup;
			children = (
				520BD97925990F7200659295 /* CoreDataSchool */,
				8819538225D3215F009337EF /* CoreDataSchoolTests */,
				520BD97825990F7200659295 /* Products */,
			);
			sourceTree = "<group>";
		};
		520BD97825990F7200659295 /* Products */ = {
			isa = PBXGroup;
			children = (
				520BD97725990F7200659295 /* CoreDataSchool.app */,
				8819538125D3215F009337EF /* CoreDataSchoolTests.xctest */,
			);
			name = Products;
			sourceTree = "<group>";
		};
		520BD97925990F7200659295 /* CoreDataSchool */ = {
			isa = PBXGroup;
			children = (
				88D00A7525B3787700E50871 /* Helpers */,
				52D94DF525A25048000D291B /* Domain */,
				5253E003259F6E490044F603 /* Screens */,
				5253DFFE259E8FBF0044F603 /* PreviewMocks */,
				52BDF654259D0E4F00E129CA /* Extensions */,
				52914650259CEBF700E0F253 /* AppDependencyContainer */,
				520BD9A425991AB300659295 /* CoreData */,
				520BD97A25990F7200659295 /* AppDelegate.swift */,
				520BD97C25990F7200659295 /* SceneDelegate.swift */,
				520BD98625990F7300659295 /* Assets.xcassets */,
				520BD98825990F7300659295 /* LaunchScreen.storyboard */,
				520BD98B25990F7300659295 /* Info.plist */,
				521D4256259E57F30079D68A /* ColorPalette.swift */,
				521D4259259E6BD70079D68A /* ImageAssets.swift */,
			);
			path = CoreDataSchool;
			sourceTree = "<group>";
		};
		520BD9A425991AB300659295 /* CoreData */ = {
			isa = PBXGroup;
			children = (
				889ECA4525D034F3007DF6E0 /* Managed */,
				88DA2D7D25C09C2100EBFC86 /* DatabaseManager */,
				52C7872525992408001F5B68 /* Entities */,
				52C7872625992425001F5B68 /* CoreDataStack.swift */,
				88B053A926261FBE007E6E1A /* CoreDataSchool.xcdatamodeld */,
				8899DDCC262770C800A87DD3 /* NSManagedObjectContext+Extension.swift */,
			);
			path = CoreData;
			sourceTree = "<group>";
		};
		521D425C259E74BD0079D68A /* Model */ = {
			isa = PBXGroup;
			children = (
				521D425D259E74D50079D68A /* MenuItem.swift */,
			);
			path = Model;
			sourceTree = "<group>";
		};
		52319E51259E8A6300B8EEC5 /* CitiesScreen */ = {
			isa = PBXGroup;
			children = (
				52EBA2EB259FA3AB00B77C10 /* View */,
				52EBA2E6259F9F9400B77C10 /* Model */,
				52319E53259E8A7000B8EEC5 /* Controller */,
				52319E52259E8A6A00B8EEC5 /* ViewModel */,
			);
			path = CitiesScreen;
			sourceTree = "<group>";
		};
		52319E52259E8A6A00B8EEC5 /* ViewModel */ = {
			isa = PBXGroup;
			children = (
				52319E59259E8CDB00B8EEC5 /* CitiesViewModel.swift */,
			);
			path = ViewModel;
			sourceTree = "<group>";
		};
		52319E53259E8A7000B8EEC5 /* Controller */ = {
			isa = PBXGroup;
			children = (
				52319E54259E8C3700B8EEC5 /* CitiesViewController.swift */,
			);
			path = Controller;
			sourceTree = "<group>";
		};
		524C697125A2462700839F06 /* UIControl */ = {
			isa = PBXGroup;
			children = (
				524C697225A2464400839F06 /* UIControl+Publisher.swift */,
			);
			path = UIControl;
			sourceTree = "<group>";
		};
		5253DFFA259E8DC00044F603 /* CitiesAssembly */ = {
			isa = PBXGroup;
			children = (
				5253DFFB259E8DE40044F603 /* AppDependencyContainer+CitiesAssembly.swift */,
			);
			path = CitiesAssembly;
			sourceTree = "<group>";
		};
		5253DFFE259E8FBF0044F603 /* PreviewMocks */ = {
			isa = PBXGroup;
			children = (
				5253DFFF259E8FD30044F603 /* PreviewMocks.swift */,
			);
			path = PreviewMocks;
			sourceTree = "<group>";
		};
		5253E003259F6E490044F603 /* Screens */ = {
			isa = PBXGroup;
			children = (
				88AB0D4A25EEB778007E4B61 /* StudentsScreen */,
				52EBA2F225A0C47400B77C10 /* InputFormScreen */,
				528C5C0A259CE9A6002D0BFE /* MainMenuScreen */,
				52319E51259E8A6300B8EEC5 /* CitiesScreen */,
			);
			path = Screens;
			sourceTree = "<group>";
		};
		528C5C0A259CE9A6002D0BFE /* MainMenuScreen */ = {
			isa = PBXGroup;
			children = (
				52BDF64F259CEF3400E129CA /* View */,
				528C5C0C259CE9C3002D0BFE /* ViewModel */,
				528C5C0B259CE9BB002D0BFE /* Controller */,
			);
			path = MainMenuScreen;
			sourceTree = "<group>";
		};
		528C5C0B259CE9BB002D0BFE /* Controller */ = {
			isa = PBXGroup;
			children = (
				520BD97E25990F7200659295 /* MainMenuViewController.swift */,
			);
			path = Controller;
			sourceTree = "<group>";
		};
		528C5C0C259CE9C3002D0BFE /* ViewModel */ = {
			isa = PBXGroup;
			children = (
				521D425C259E74BD0079D68A /* Model */,
				528C5C13259CEB11002D0BFE /* MainMenuViewModel.swift */,
			);
			path = ViewModel;
			sourceTree = "<group>";
		};
		52914650259CEBF700E0F253 /* AppDependencyContainer */ = {
			isa = PBXGroup;
			children = (
				88C3D24E25F00BA6009E7D31 /* StudentsAssembly */,
				5253DFFA259E8DC00044F603 /* CitiesAssembly */,
				52914651259CEC0900E0F253 /* MainMenuAssembly */,
				52C7872C25992778001F5B68 /* AppDependencyContainer.swift */,
			);
			path = AppDependencyContainer;
			sourceTree = "<group>";
		};
		52914651259CEC0900E0F253 /* MainMenuAssembly */ = {
			isa = PBXGroup;
			children = (
				52914652259CEC4200E0F253 /* AppDependencyContainer+MainMenuAssembly.swift */,
			);
			path = MainMenuAssembly;
			sourceTree = "<group>";
		};
		52BDF64F259CEF3400E129CA /* View */ = {
			isa = PBXGroup;
			children = (
				52BDF650259CEF5300E129CA /* MenuCollectionViewCell.swift */,
			);
			path = View;
			sourceTree = "<group>";
		};
		52BDF654259D0E4F00E129CA /* Extensions */ = {
			isa = PBXGroup;
			children = (
				883E2D6D25B333CB009F3D7A /* Foundation */,
				52BDF655259D0E5600E129CA /* UIKit */,
			);
			path = Extensions;
			sourceTree = "<group>";
		};
		52BDF655259D0E5600E129CA /* UIKit */ = {
			isa = PBXGroup;
			children = (
				88DCED5B25BDBB1A00EC2399 /* UIViewController */,
				885ED92625B639A900DBC630 /* UITextField */,
				885ED92525B639A100DBC630 /* UIColor */,
				885ED92425B6399900DBC630 /* UIView */,
				524C697125A2462700839F06 /* UIControl */,
				52BDF65C259D153600E129CA /* UICollectionView */,
				52BDF65B259D152800E129CA /* UITableView */,
			);
			path = UIKit;
			sourceTree = "<group>";
		};
		52BDF65B259D152800E129CA /* UITableView */ = {
			isa = PBXGroup;
			children = (
				52BDF661259D168800E129CA /* UITableView+DequeueReusableCell.swift */,
			);
			path = UITableView;
			sourceTree = "<group>";
		};
		52BDF65C259D153600E129CA /* UICollectionView */ = {
			isa = PBXGroup;
			children = (
				52BDF65D259D15D900E129CA /* UICollectionView+DequeueReusableCell.swift */,
			);
			path = UICollectionView;
			sourceTree = "<group>";
		};
		52C7872525992408001F5B68 /* Entities */ = {
			isa = PBXGroup;
			children = (
				88B053B026261FE2007E6E1A /* Student+CoreDataClass.swift */,
				88B053B126261FE2007E6E1A /* Student+CoreDataProperties.swift */,
				88B053B226261FE2007E6E1A /* City+CoreDataClass.swift */,
				88B053B326261FE2007E6E1A /* City+CoreDataProperties.swift */,
				88EEFDD325E9470600DC6605 /* Group+CoreDataClass.swift */,
				88EEFDD425E9470600DC6605 /* Group+CoreDataProperties.swift */,
				8819538D25D32CF3009337EF /* ExampleCoreDataStack.swift */,
			);
			path = Entities;
			sourceTree = "<group>";
		};
		52D94DF525A25048000D291B /* Domain */ = {
			isa = PBXGroup;
			children = (
				52D94DF625A2505D000D291B /* Domain.swift */,
				52D94DF925A25071000D291B /* Domain+City.swift */,
				52D94DFC25A250F4000D291B /* Domain+Student.swift */,
				52D94DFF25A2514A000D291B /* Domain+Group.swift */,
				52D94E1B25A25301000D291B /* Domain+OutputObject.swift */,
				88FCED6A2603FC1D00EC5A89 /* Domain+Sex.swift */,
			);
			path = Domain;
			sourceTree = "<group>";
		};
		52DA7F0925A5F1180019715D /* Controller */ = {
			isa = PBXGroup;
			children = (
				52EBA2EF25A0C46D00B77C10 /* InputFormViewController.swift */,
			);
			path = Controller;
			sourceTree = "<group>";
		};
		52DA7F0A25A5F1280019715D /* View */ = {
			isa = PBXGroup;
			children = (
				52EBA2F625A10A0E00B77C10 /* TextFieldCollectionViewCell.swift */,
				52EBA30025A2265000B77C10 /* SaveButtonCollectionViewCell.swift */,
			);
			path = View;
			sourceTree = "<group>";
		};
		52DA7F0B25A5F1300019715D /* Model */ = {
			isa = PBXGroup;
			children = (
				885ED94925B7796A00DBC630 /* FormInputConfigurator.swift */,
			);
			path = Model;
			sourceTree = "<group>";
		};
		52EBA2E6259F9F9400B77C10 /* Model */ = {
			isa = PBXGroup;
			children = (
				52EBA2E7259F9FA500B77C10 /* MockCity.swift */,
			);
			path = Model;
			sourceTree = "<group>";
		};
		52EBA2EB259FA3AB00B77C10 /* View */ = {
			isa = PBXGroup;
			children = (
				52EBA2EC259FA3FA00B77C10 /* CityTableViewCell.swift */,
			);
			path = View;
			sourceTree = "<group>";
		};
		52EBA2F225A0C47400B77C10 /* InputFormScreen */ = {
			isa = PBXGroup;
			children = (
				52DA7F0B25A5F1300019715D /* Model */,
				52DA7F0A25A5F1280019715D /* View */,
				52DA7F0925A5F1180019715D /* Controller */,
			);
			path = InputFormScreen;
			sourceTree = "<group>";
		};
		8819538225D3215F009337EF /* CoreDataSchoolTests */ = {
			isa = PBXGroup;
			children = (
				886487D6262CB51600A331E2 /* CoreDataTests */,
				8819538525D3215F009337EF /* Info.plist */,
			);
			path = CoreDataSchoolTests;
			sourceTree = "<group>";
		};
		883E2D6D25B333CB009F3D7A /* Foundation */ = {
			isa = PBXGroup;
			children = (
				883E2D6E25B333DD009F3D7A /* String+IsBlank.swift */,
				885ED91E25B6252C00DBC630 /* NSRegularExpression+Match.swift */,
			);
			path = Foundation;
			sourceTree = "<group>";
		};
		885ED92425B6399900DBC630 /* UIView */ = {
			isa = PBXGroup;
			children = (
				52BDF656259D12A700E129CA /* UIView+ReusableView.swift */,
			);
			path = UIView;
			sourceTree = "<group>";
		};
		885ED92525B639A100DBC630 /* UIColor */ = {
			isa = PBXGroup;
			children = (
				521D4253259E42980079D68A /* UIColor+HEX.swift */,
			);
			path = UIColor;
			sourceTree = "<group>";
		};
		885ED92625B639A900DBC630 /* UITextField */ = {
			isa = PBXGroup;
			children = (
				885ED92725B639BF00DBC630 /* UITextField+ContentPadding.swift */,
			);
			path = UITextField;
			sourceTree = "<group>";
		};
		886487D6262CB51600A331E2 /* CoreDataTests */ = {
			isa = PBXGroup;
			children = (
				8819538325D3215F009337EF /* CoreDataManger+CityTests.swift */,
			);
			path = CoreDataTests;
			sourceTree = "<group>";
		};
		8875A7C825D1F6DE00090861 /* CoreDataModel+Managed */ = {
			isa = PBXGroup;
			children = (
				889ECA4625D03513007DF6E0 /* NSManagedObject+Managed.swift */,
				8875A7C925D1F6F400090861 /* CoreDataModel+Managed.swift */,
			);
			path = "CoreDataModel+Managed";
			sourceTree = "<group>";
		};
		889ECA4525D034F3007DF6E0 /* Managed */ = {
			isa = PBXGroup;
			children = (
				8875A7C825D1F6DE00090861 /* CoreDataModel+Managed */,
				88A41C00261661AB009F3E67 /* Student+Extension.swift */,
				8826F95E26261D570093499D /* City+Extension.swift */,
			);
			path = Managed;
			sourceTree = "<group>";
		};
		88AB0D4A25EEB778007E4B61 /* StudentsScreen */ = {
			isa = PBXGroup;
			children = (
				88AB0D4E25EEB7D4007E4B61 /* Controller */,
				88AB0D4D25EEB7BC007E4B61 /* ViewModel */,
				88AB0D4C25EEB7AD007E4B61 /* View */,
				88AB0D4B25EEB7A7007E4B61 /* Model */,
			);
			path = StudentsScreen;
			sourceTree = "<group>";
		};
		88AB0D4B25EEB7A7007E4B61 /* Model */ = {
			isa = PBXGroup;
			children = (
			);
			path = Model;
			sourceTree = "<group>";
		};
		88AB0D4C25EEB7AD007E4B61 /* View */ = {
			isa = PBXGroup;
			children = (
				88C3D24A25F00A66009E7D31 /* StudentTableViewCell.swift */,
			);
			path = View;
			sourceTree = "<group>";
		};
		88AB0D4D25EEB7BC007E4B61 /* ViewModel */ = {
			isa = PBXGroup;
			children = (
				88AB0D5325EEB88D007E4B61 /* StudentsViewModel.swift */,
			);
			path = ViewModel;
			sourceTree = "<group>";
		};
		88AB0D4E25EEB7D4007E4B61 /* Controller */ = {
			isa = PBXGroup;
			children = (
				88AB0D4F25EEB878007E4B61 /* StudentsViewController.swift */,
			);
			name = Controller;
			sourceTree = "<group>";
		};
		88C3D24E25F00BA6009E7D31 /* StudentsAssembly */ = {
			isa = PBXGroup;
			children = (
				88C3D24F25F00BC1009E7D31 /* AppDependencyContainer+StudentsAssembly.swift */,
			);
			path = StudentsAssembly;
			sourceTree = "<group>";
		};
		88D00A7525B3787700E50871 /* Helpers */ = {
			isa = PBXGroup;
			children = (
				88D00A7625B3787D00E50871 /* Validator */,
			);
			path = Helpers;
			sourceTree = "<group>";
		};
		88D00A7625B3787D00E50871 /* Validator */ = {
			isa = PBXGroup;
			children = (
				88D00A7725B378AD00E50871 /* Validator.swift */,
				885ED92125B62AF100DBC630 /* ValidatorConvertible.swift */,
			);
			path = Validator;
			sourceTree = "<group>";
		};
		88DA2D7D25C09C2100EBFC86 /* DatabaseManager */ = {
			isa = PBXGroup;
			children = (
				88DA2D7E25C09C3200EBFC86 /* CoreDataManager.swift */,
				88657DF025D1F3680024DEF1 /* CoreDataManager+CitiesManager.swift */,
				88A41BF426165B5D009F3E67 /* CoreDataManaged+StudentsManager.swift */,
			);
			path = DatabaseManager;
			sourceTree = "<group>";
		};
		88DCED5B25BDBB1A00EC2399 /* UIViewController */ = {
			isa = PBXGroup;
			children = (
				88DCED5C25BDBB3200EC2399 /* UIViewController+Alert.swift */,
				88C0E78D25CD52C200DA9AD7 /* UIViewController+DocumentsURL.swift */,
			);
			path = UIViewController;
			sourceTree = "<group>";
		};
/* End PBXGroup section */

/* Begin PBXNativeTarget section */
		520BD97625990F7200659295 /* CoreDataSchool */ = {
			isa = PBXNativeTarget;
			buildConfigurationList = 520BD98E25990F7300659295 /* Build configuration list for PBXNativeTarget "CoreDataSchool" */;
			buildPhases = (
				520BD97325990F7200659295 /* Sources */,
				520BD97425990F7200659295 /* Frameworks */,
				520BD97525990F7200659295 /* Resources */,
			);
			buildRules = (
			);
			dependencies = (
			);
			name = CoreDataSchool;
			productName = CoreDataSchool;
			productReference = 520BD97725990F7200659295 /* CoreDataSchool.app */;
			productType = "com.apple.product-type.application";
		};
		8819538025D3215F009337EF /* CoreDataSchoolTests */ = {
			isa = PBXNativeTarget;
			buildConfigurationList = 8819538A25D3215F009337EF /* Build configuration list for PBXNativeTarget "CoreDataSchoolTests" */;
			buildPhases = (
				8819537D25D3215F009337EF /* Sources */,
				8819537E25D3215F009337EF /* Frameworks */,
				8819537F25D3215F009337EF /* Resources */,
			);
			buildRules = (
			);
			dependencies = (
				8819538725D3215F009337EF /* PBXTargetDependency */,
			);
			name = CoreDataSchoolTests;
			productName = CoreDataSchoolTests;
			productReference = 8819538125D3215F009337EF /* CoreDataSchoolTests.xctest */;
			productType = "com.apple.product-type.bundle.unit-test";
		};
/* End PBXNativeTarget section */

/* Begin PBXProject section */
		520BD96F25990F7200659295 /* Project object */ = {
			isa = PBXProject;
			attributes = {
				LastSwiftUpdateCheck = 1220;
				LastUpgradeCheck = 1220;
				TargetAttributes = {
					520BD97625990F7200659295 = {
						CreatedOnToolsVersion = 12.2;
					};
					8819538025D3215F009337EF = {
						CreatedOnToolsVersion = 12.2;
						TestTargetID = 520BD97625990F7200659295;
					};
				};
			};
			buildConfigurationList = 520BD97225990F7200659295 /* Build configuration list for PBXProject "CoreDataSchool" */;
			compatibilityVersion = "Xcode 9.3";
			developmentRegion = en;
			hasScannedForEncodings = 0;
			knownRegions = (
				en,
				Base,
			);
			mainGroup = 520BD96E25990F7200659295;
			productRefGroup = 520BD97825990F7200659295 /* Products */;
			projectDirPath = "";
			projectRoot = "";
			targets = (
				520BD97625990F7200659295 /* CoreDataSchool */,
				8819538025D3215F009337EF /* CoreDataSchoolTests */,
			);
		};
/* End PBXProject section */

/* Begin PBXResourcesBuildPhase section */
		520BD97525990F7200659295 /* Resources */ = {
			isa = PBXResourcesBuildPhase;
			buildActionMask = 2147483647;
			files = (
				520BD98A25990F7300659295 /* LaunchScreen.storyboard in Resources */,
				520BD98725990F7300659295 /* Assets.xcassets in Resources */,
			);
			runOnlyForDeploymentPostprocessing = 0;
		};
		8819537F25D3215F009337EF /* Resources */ = {
			isa = PBXResourcesBuildPhase;
			buildActionMask = 2147483647;
			files = (
			);
			runOnlyForDeploymentPostprocessing = 0;
		};
/* End PBXResourcesBuildPhase section */

/* Begin PBXSourcesBuildPhase section */
		520BD97325990F7200659295 /* Sources */ = {
			isa = PBXSourcesBuildPhase;
			buildActionMask = 2147483647;
			files = (
				524C697325A2464400839F06 /* UIControl+Publisher.swift in Sources */,
				88C3D24B25F00A66009E7D31 /* StudentTableViewCell.swift in Sources */,
				88B053AB26261FBE007E6E1A /* CoreDataSchool.xcdatamodeld in Sources */,
				520BD97F25990F7200659295 /* MainMenuViewController.swift in Sources */,
				52BDF662259D168800E129CA /* UITableView+DequeueReusableCell.swift in Sources */,
				88D00A7825B378AD00E50871 /* Validator.swift in Sources */,
				52EBA30125A2265000B77C10 /* SaveButtonCollectionViewCell.swift in Sources */,
				52EBA2F025A0C46D00B77C10 /* InputFormViewController.swift in Sources */,
				5253DFFC259E8DE40044F603 /* AppDependencyContainer+CitiesAssembly.swift in Sources */,
				52D94DF725A2505D000D291B /* Domain.swift in Sources */,
				88C3D25025F00BC1009E7D31 /* AppDependencyContainer+StudentsAssembly.swift in Sources */,
				52BDF657259D12A700E129CA /* UIView+ReusableView.swift in Sources */,
				88EEFDD925E9470600DC6605 /* Group+CoreDataClass.swift in Sources */,
				52D94DFA25A25071000D291B /* Domain+City.swift in Sources */,
				52319E5A259E8CDB00B8EEC5 /* CitiesViewModel.swift in Sources */,
				520BD97B25990F7200659295 /* AppDelegate.swift in Sources */,
				88B053B726261FE2007E6E1A /* City+CoreDataProperties.swift in Sources */,
				52D94E1C25A25301000D291B /* Domain+OutputObject.swift in Sources */,
				88FCED6B2603FC1D00EC5A89 /* Domain+Sex.swift in Sources */,
				521D4254259E42980079D68A /* UIColor+HEX.swift in Sources */,
				88EEFDDA25E9470600DC6605 /* Group+CoreDataProperties.swift in Sources */,
				88657DF125D1F3680024DEF1 /* CoreDataManager+CitiesManager.swift in Sources */,
				88B053B626261FE2007E6E1A /* City+CoreDataClass.swift in Sources */,
				521D425A259E6BD70079D68A /* ImageAssets.swift in Sources */,
				88C0E78E25CD52C200DA9AD7 /* UIViewController+DocumentsURL.swift in Sources */,
				885ED92225B62AF100DBC630 /* ValidatorConvertible.swift in Sources */,
				885ED92825B639BF00DBC630 /* UITextField+ContentPadding.swift in Sources */,
				52EBA2ED259FA3FA00B77C10 /* CityTableViewCell.swift in Sources */,
				88AB0D5025EEB878007E4B61 /* StudentsViewController.swift in Sources */,
				52EBA2F725A10A0E00B77C10 /* TextFieldCollectionViewCell.swift in Sources */,
				88AB0D5425EEB88D007E4B61 /* StudentsViewModel.swift in Sources */,
				88B053B426261FE2007E6E1A /* Student+CoreDataClass.swift in Sources */,
				88A41BF526165B5D009F3E67 /* CoreDataManaged+StudentsManager.swift in Sources */,
				52BDF65E259D15D900E129CA /* UICollectionView+DequeueReusableCell.swift in Sources */,
				528C5C14259CEB11002D0BFE /* MainMenuViewModel.swift in Sources */,
				885ED94A25B7796A00DBC630 /* FormInputConfigurator.swift in Sources */,
				88B053B526261FE2007E6E1A /* Student+CoreDataProperties.swift in Sources */,
				52BDF651259CEF5300E129CA /* MenuCollectionViewCell.swift in Sources */,
				8819538E25D32CF3009337EF /* ExampleCoreDataStack.swift in Sources */,
				52C7872725992425001F5B68 /* CoreDataStack.swift in Sources */,
				885ED91F25B6252C00DBC630 /* NSRegularExpression+Match.swift in Sources */,
				52D94DFD25A250F4000D291B /* Domain+Student.swift in Sources */,
				8875A7CA25D1F6F400090861 /* CoreDataModel+Managed.swift in Sources */,
				8899DDCD262770C800A87DD3 /* NSManagedObjectContext+Extension.swift in Sources */,
				88DA2D7F25C09C3200EBFC86 /* CoreDataManager.swift in Sources */,
				52EBA2E8259F9FA500B77C10 /* MockCity.swift in Sources */,
				52C7872D25992778001F5B68 /* AppDependencyContainer.swift in Sources */,
				88DCED5D25BDBB3200EC2399 /* UIViewController+Alert.swift in Sources */,
				520BD97D25990F7200659295 /* SceneDelegate.swift in Sources */,
				889ECA4725D03513007DF6E0 /* NSManagedObject+Managed.swift in Sources */,
				883E2D6F25B333DD009F3D7A /* String+IsBlank.swift in Sources */,
				52319E55259E8C3700B8EEC5 /* CitiesViewController.swift in Sources */,
				8826F95F26261D570093499D /* City+Extension.swift in Sources */,
				5253E000259E8FD30044F603 /* PreviewMocks.swift in Sources */,
				521D425E259E74D50079D68A /* MenuItem.swift in Sources */,
				52D94E0025A2514A000D291B /* Domain+Group.swift in Sources */,
				88A41C01261661AB009F3E67 /* Student+Extension.swift in Sources */,
				52914653259CEC4200E0F253 /* AppDependencyContainer+MainMenuAssembly.swift in Sources */,
				521D4257259E57F30079D68A /* ColorPalette.swift in Sources */,
			);
			runOnlyForDeploymentPostprocessing = 0;
		};
		8819537D25D3215F009337EF /* Sources */ = {
			isa = PBXSourcesBuildPhase;
			buildActionMask = 2147483647;
			files = (
				8819538425D3215F009337EF /* CoreDataManger+CityTests.swift in Sources */,
			);
			runOnlyForDeploymentPostprocessing = 0;
		};
/* End PBXSourcesBuildPhase section */

/* Begin PBXTargetDependency section */
		8819538725D3215F009337EF /* PBXTargetDependency */ = {
			isa = PBXTargetDependency;
			target = 520BD97625990F7200659295 /* CoreDataSchool */;
			targetProxy = 8819538625D3215F009337EF /* PBXContainerItemProxy */;
		};
/* End PBXTargetDependency section */

/* Begin PBXVariantGroup section */
		520BD98825990F7300659295 /* LaunchScreen.storyboard */ = {
			isa = PBXVariantGroup;
			children = (
				520BD98925990F7300659295 /* Base */,
			);
			name = LaunchScreen.storyboard;
			sourceTree = "<group>";
		};
/* End PBXVariantGroup section */

/* Begin XCBuildConfiguration section */
		520BD98C25990F7300659295 /* Debug */ = {
			isa = XCBuildConfiguration;
			buildSettings = {
				ALWAYS_SEARCH_USER_PATHS = NO;
				CLANG_ANALYZER_NONNULL = YES;
				CLANG_ANALYZER_NUMBER_OBJECT_CONVERSION = YES_AGGRESSIVE;
				CLANG_CXX_LANGUAGE_STANDARD = "gnu++14";
				CLANG_CXX_LIBRARY = "libc++";
				CLANG_ENABLE_MODULES = YES;
				CLANG_ENABLE_OBJC_ARC = YES;
				CLANG_ENABLE_OBJC_WEAK = YES;
				CLANG_WARN_BLOCK_CAPTURE_AUTORELEASING = YES;
				CLANG_WARN_BOOL_CONVERSION = YES;
				CLANG_WARN_COMMA = YES;
				CLANG_WARN_CONSTANT_CONVERSION = YES;
				CLANG_WARN_DEPRECATED_OBJC_IMPLEMENTATIONS = YES;
				CLANG_WARN_DIRECT_OBJC_ISA_USAGE = YES_ERROR;
				CLANG_WARN_DOCUMENTATION_COMMENTS = YES;
				CLANG_WARN_EMPTY_BODY = YES;
				CLANG_WARN_ENUM_CONVERSION = YES;
				CLANG_WARN_INFINITE_RECURSION = YES;
				CLANG_WARN_INT_CONVERSION = YES;
				CLANG_WARN_NON_LITERAL_NULL_CONVERSION = YES;
				CLANG_WARN_OBJC_IMPLICIT_RETAIN_SELF = YES;
				CLANG_WARN_OBJC_LITERAL_CONVERSION = YES;
				CLANG_WARN_OBJC_ROOT_CLASS = YES_ERROR;
				CLANG_WARN_QUOTED_INCLUDE_IN_FRAMEWORK_HEADER = YES;
				CLANG_WARN_RANGE_LOOP_ANALYSIS = YES;
				CLANG_WARN_STRICT_PROTOTYPES = YES;
				CLANG_WARN_SUSPICIOUS_MOVE = YES;
				CLANG_WARN_UNGUARDED_AVAILABILITY = YES_AGGRESSIVE;
				CLANG_WARN_UNREACHABLE_CODE = YES;
				CLANG_WARN__DUPLICATE_METHOD_MATCH = YES;
				COPY_PHASE_STRIP = NO;
				DEBUG_INFORMATION_FORMAT = dwarf;
				ENABLE_STRICT_OBJC_MSGSEND = YES;
				ENABLE_TESTABILITY = YES;
				GCC_C_LANGUAGE_STANDARD = gnu11;
				GCC_DYNAMIC_NO_PIC = NO;
				GCC_NO_COMMON_BLOCKS = YES;
				GCC_OPTIMIZATION_LEVEL = 0;
				GCC_PREPROCESSOR_DEFINITIONS = (
					"DEBUG=1",
					"$(inherited)",
				);
				GCC_WARN_64_TO_32_BIT_CONVERSION = YES;
				GCC_WARN_ABOUT_RETURN_TYPE = YES_ERROR;
				GCC_WARN_UNDECLARED_SELECTOR = YES;
				GCC_WARN_UNINITIALIZED_AUTOS = YES_AGGRESSIVE;
				GCC_WARN_UNUSED_FUNCTION = YES;
				GCC_WARN_UNUSED_VARIABLE = YES;
				IPHONEOS_DEPLOYMENT_TARGET = 14.2;
				MTL_ENABLE_DEBUG_INFO = INCLUDE_SOURCE;
				MTL_FAST_MATH = YES;
				ONLY_ACTIVE_ARCH = YES;
				SDKROOT = iphoneos;
				SWIFT_ACTIVE_COMPILATION_CONDITIONS = DEBUG;
				SWIFT_OPTIMIZATION_LEVEL = "-Onone";
			};
			name = Debug;
		};
		520BD98D25990F7300659295 /* Release */ = {
			isa = XCBuildConfiguration;
			buildSettings = {
				ALWAYS_SEARCH_USER_PATHS = NO;
				CLANG_ANALYZER_NONNULL = YES;
				CLANG_ANALYZER_NUMBER_OBJECT_CONVERSION = YES_AGGRESSIVE;
				CLANG_CXX_LANGUAGE_STANDARD = "gnu++14";
				CLANG_CXX_LIBRARY = "libc++";
				CLANG_ENABLE_MODULES = YES;
				CLANG_ENABLE_OBJC_ARC = YES;
				CLANG_ENABLE_OBJC_WEAK = YES;
				CLANG_WARN_BLOCK_CAPTURE_AUTORELEASING = YES;
				CLANG_WARN_BOOL_CONVERSION = YES;
				CLANG_WARN_COMMA = YES;
				CLANG_WARN_CONSTANT_CONVERSION = YES;
				CLANG_WARN_DEPRECATED_OBJC_IMPLEMENTATIONS = YES;
				CLANG_WARN_DIRECT_OBJC_ISA_USAGE = YES_ERROR;
				CLANG_WARN_DOCUMENTATION_COMMENTS = YES;
				CLANG_WARN_EMPTY_BODY = YES;
				CLANG_WARN_ENUM_CONVERSION = YES;
				CLANG_WARN_INFINITE_RECURSION = YES;
				CLANG_WARN_INT_CONVERSION = YES;
				CLANG_WARN_NON_LITERAL_NULL_CONVERSION = YES;
				CLANG_WARN_OBJC_IMPLICIT_RETAIN_SELF = YES;
				CLANG_WARN_OBJC_LITERAL_CONVERSION = YES;
				CLANG_WARN_OBJC_ROOT_CLASS = YES_ERROR;
				CLANG_WARN_QUOTED_INCLUDE_IN_FRAMEWORK_HEADER = YES;
				CLANG_WARN_RANGE_LOOP_ANALYSIS = YES;
				CLANG_WARN_STRICT_PROTOTYPES = YES;
				CLANG_WARN_SUSPICIOUS_MOVE = YES;
				CLANG_WARN_UNGUARDED_AVAILABILITY = YES_AGGRESSIVE;
				CLANG_WARN_UNREACHABLE_CODE = YES;
				CLANG_WARN__DUPLICATE_METHOD_MATCH = YES;
				COPY_PHASE_STRIP = NO;
				DEBUG_INFORMATION_FORMAT = "dwarf-with-dsym";
				ENABLE_NS_ASSERTIONS = NO;
				ENABLE_STRICT_OBJC_MSGSEND = YES;
				GCC_C_LANGUAGE_STANDARD = gnu11;
				GCC_NO_COMMON_BLOCKS = YES;
				GCC_WARN_64_TO_32_BIT_CONVERSION = YES;
				GCC_WARN_ABOUT_RETURN_TYPE = YES_ERROR;
				GCC_WARN_UNDECLARED_SELECTOR = YES;
				GCC_WARN_UNINITIALIZED_AUTOS = YES_AGGRESSIVE;
				GCC_WARN_UNUSED_FUNCTION = YES;
				GCC_WARN_UNUSED_VARIABLE = YES;
				IPHONEOS_DEPLOYMENT_TARGET = 14.2;
				MTL_ENABLE_DEBUG_INFO = NO;
				MTL_FAST_MATH = YES;
				SDKROOT = iphoneos;
				SWIFT_COMPILATION_MODE = wholemodule;
				SWIFT_OPTIMIZATION_LEVEL = "-O";
				VALIDATE_PRODUCT = YES;
			};
			name = Release;
		};
		520BD98F25990F7300659295 /* Debug */ = {
			isa = XCBuildConfiguration;
			buildSettings = {
				ASSETCATALOG_COMPILER_APPICON_NAME = AppIcon;
				ASSETCATALOG_COMPILER_GLOBAL_ACCENT_COLOR_NAME = AccentColor;
				CODE_SIGN_IDENTITY = "Apple Development";
				CODE_SIGN_STYLE = Automatic;
				DEVELOPMENT_TEAM = 9C825Y4865;
				INFOPLIST_FILE = CoreDataSchool/Info.plist;
				IPHONEOS_DEPLOYMENT_TARGET = 14.0;
				LD_RUNPATH_SEARCH_PATHS = (
					"$(inherited)",
					"@executable_path/Frameworks",
				);
				PRODUCT_BUNDLE_IDENTIFIER = iX0ness.CoreDataSchool;
				PRODUCT_NAME = "$(TARGET_NAME)";
				PROVISIONING_PROFILE_SPECIFIER = "";
				SWIFT_VERSION = 5.0;
				TARGETED_DEVICE_FAMILY = "1,2";
			};
			name = Debug;
		};
		520BD99025990F7300659295 /* Release */ = {
			isa = XCBuildConfiguration;
			buildSettings = {
				ASSETCATALOG_COMPILER_APPICON_NAME = AppIcon;
				ASSETCATALOG_COMPILER_GLOBAL_ACCENT_COLOR_NAME = AccentColor;
				CODE_SIGN_IDENTITY = "Apple Development";
				CODE_SIGN_STYLE = Automatic;
				DEVELOPMENT_TEAM = 9C825Y4865;
				INFOPLIST_FILE = CoreDataSchool/Info.plist;
				IPHONEOS_DEPLOYMENT_TARGET = 14.0;
				LD_RUNPATH_SEARCH_PATHS = (
					"$(inherited)",
					"@executable_path/Frameworks",
				);
				PRODUCT_BUNDLE_IDENTIFIER = iX0ness.CoreDataSchool;
				PRODUCT_NAME = "$(TARGET_NAME)";
				PROVISIONING_PROFILE_SPECIFIER = "";
				SWIFT_VERSION = 5.0;
				TARGETED_DEVICE_FAMILY = "1,2";
			};
			name = Release;
		};
		8819538825D3215F009337EF /* Debug */ = {
			isa = XCBuildConfiguration;
			buildSettings = {
				BUNDLE_LOADER = "$(TEST_HOST)";
				CODE_SIGN_STYLE = Automatic;
				DEVELOPMENT_TEAM = 9C825Y4865;
				INFOPLIST_FILE = CoreDataSchoolTests/Info.plist;
				LD_RUNPATH_SEARCH_PATHS = (
					"$(inherited)",
					"@executable_path/Frameworks",
					"@loader_path/Frameworks",
				);
				PRODUCT_BUNDLE_IDENTIFIER = com.iX0ness.CoreDataSchoolTests;
				PRODUCT_NAME = "$(TARGET_NAME)";
				SWIFT_VERSION = 5.0;
				TARGETED_DEVICE_FAMILY = "1,2";
				TEST_HOST = "$(BUILT_PRODUCTS_DIR)/CoreDataSchool.app/CoreDataSchool";
			};
			name = Debug;
		};
		8819538925D3215F009337EF /* Release */ = {
			isa = XCBuildConfiguration;
			buildSettings = {
				BUNDLE_LOADER = "$(TEST_HOST)";
				CODE_SIGN_STYLE = Automatic;
				DEVELOPMENT_TEAM = 9C825Y4865;
				INFOPLIST_FILE = CoreDataSchoolTests/Info.plist;
				LD_RUNPATH_SEARCH_PATHS = (
					"$(inherited)",
					"@executable_path/Frameworks",
					"@loader_path/Frameworks",
				);
				PRODUCT_BUNDLE_IDENTIFIER = com.iX0ness.CoreDataSchoolTests;
				PRODUCT_NAME = "$(TARGET_NAME)";
				SWIFT_VERSION = 5.0;
				TARGETED_DEVICE_FAMILY = "1,2";
				TEST_HOST = "$(BUILT_PRODUCTS_DIR)/CoreDataSchool.app/CoreDataSchool";
			};
			name = Release;
		};
/* End XCBuildConfiguration section */

/* Begin XCConfigurationList section */
		520BD97225990F7200659295 /* Build configuration list for PBXProject "CoreDataSchool" */ = {
			isa = XCConfigurationList;
			buildConfigurations = (
				520BD98C25990F7300659295 /* Debug */,
				520BD98D25990F7300659295 /* Release */,
			);
			defaultConfigurationIsVisible = 0;
			defaultConfigurationName = Release;
		};
		520BD98E25990F7300659295 /* Build configuration list for PBXNativeTarget "CoreDataSchool" */ = {
			isa = XCConfigurationList;
			buildConfigurations = (
				520BD98F25990F7300659295 /* Debug */,
				520BD99025990F7300659295 /* Release */,
			);
			defaultConfigurationIsVisible = 0;
			defaultConfigurationName = Release;
		};
		8819538A25D3215F009337EF /* Build configuration list for PBXNativeTarget "CoreDataSchoolTests" */ = {
			isa = XCConfigurationList;
			buildConfigurations = (
				8819538825D3215F009337EF /* Debug */,
				8819538925D3215F009337EF /* Release */,
			);
			defaultConfigurationIsVisible = 0;
			defaultConfigurationName = Release;
		};
/* End XCConfigurationList section */

/* Begin XCVersionGroup section */
		88B053A926261FBE007E6E1A /* CoreDataSchool.xcdatamodeld */ = {
			isa = XCVersionGroup;
			children = (
				88B053AA26261FBE007E6E1A /* CoreDataSchool.xcdatamodel */,
			);
			currentVersion = 88B053AA26261FBE007E6E1A /* CoreDataSchool.xcdatamodel */;
			name = CoreDataSchool.xcdatamodeld;
			path = CoreDataSchool/CoreDataSchool.xcdatamodeld;
			sourceTree = SOURCE_ROOT;
			versionGroupType = wrapper.xcdatamodel;
		};
/* End XCVersionGroup section */
	};
	rootObject = 520BD96F25990F7200659295 /* Project object */;
}
