// !$*UTF8*$!
{
	archiveVersion = 1;
	classes = {
	};
	objectVersion = 50;
	objects = {

/* Begin PBXBuildFile section */
		520BD97B25990F7200659295 /* AppDelegate.swift in Sources */ = {isa = PBXBuildFile; fileRef = 520BD97A25990F7200659295 /* AppDelegate.swift */; };
		520BD97D25990F7200659295 /* SceneDelegate.swift in Sources */ = {isa = PBXBuildFile; fileRef = 520BD97C25990F7200659295 /* SceneDelegate.swift */; };
		520BD97F25990F7200659295 /* ViewController.swift in Sources */ = {isa = PBXBuildFile; fileRef = 520BD97E25990F7200659295 /* ViewController.swift */; };
		520BD98225990F7200659295 /* Main.storyboard in Resources */ = {isa = PBXBuildFile; fileRef = 520BD98025990F7200659295 /* Main.storyboard */; };
		520BD98525990F7200659295 /* CoreDataSchool.xcdatamodeld in Sources */ = {isa = PBXBuildFile; fileRef = 520BD98325990F7200659295 /* CoreDataSchool.xcdatamodeld */; };
		520BD98725990F7300659295 /* Assets.xcassets in Resources */ = {isa = PBXBuildFile; fileRef = 520BD98625990F7300659295 /* Assets.xcassets */; };
		520BD98A25990F7300659295 /* LaunchScreen.storyboard in Resources */ = {isa = PBXBuildFile; fileRef = 520BD98825990F7300659295 /* LaunchScreen.storyboard */; };
/* End PBXBuildFile section */

/* Begin PBXFileReference section */
		520BD97725990F7200659295 /* CoreDataSchool.app */ = {isa = PBXFileReference; explicitFileType = wrapper.application; includeInIndex = 0; path = CoreDataSchool.app; sourceTree = BUILT_PRODUCTS_DIR; };
		520BD97A25990F7200659295 /* AppDelegate.swift */ = {isa = PBXFileReference; lastKnownFileType = sourcecode.swift; path = AppDelegate.swift; sourceTree = "<group>"; };
		520BD97C25990F7200659295 /* SceneDelegate.swift */ = {isa = PBXFileReference; lastKnownFileType = sourcecode.swift; path = SceneDelegate.swift; sourceTree = "<group>"; };
		520BD97E25990F7200659295 /* ViewController.swift */ = {isa = PBXFileReference; lastKnownFileType = sourcecode.swift; path = ViewController.swift; sourceTree = "<group>"; };
		520BD98125990F7200659295 /* Base */ = {isa = PBXFileReference; lastKnownFileType = file.storyboard; name = Base; path = Base.lproj/Main.storyboard; sourceTree = "<group>"; };
		520BD98425990F7200659295 /* CoreDataSchool.xcdatamodel */ = {isa = PBXFileReference; lastKnownFileType = wrapper.xcdatamodel; path = CoreDataSchool.xcdatamodel; sourceTree = "<group>"; };
		520BD98625990F7300659295 /* Assets.xcassets */ = {isa = PBXFileReference; lastKnownFileType = folder.assetcatalog; path = Assets.xcassets; sourceTree = "<group>"; };
		520BD98925990F7300659295 /* Base */ = {isa = PBXFileReference; lastKnownFileType = file.storyboard; name = Base; path = Base.lproj/LaunchScreen.storyboard; sourceTree = "<group>"; };
		520BD98B25990F7300659295 /* Info.plist */ = {isa = PBXFileReference; lastKnownFileType = text.plist.xml; path = Info.plist; sourceTree = "<group>"; };
/* End PBXFileReference section */

/* Begin PBXFrameworksBuildPhase section */
		520BD97425990F7200659295 /* Frameworks */ = {
			isa = PBXFrameworksBuildPhase;
			buildActionMask = 2147483647;
			files = (
			);
			runOnlyForDeploymentPostprocessing = 0;
		};
/* End PBXFrameworksBuildPhase section */

/* Begin PBXGroup section */
		520BD96E25990F7200659295 = {
			isa = PBXGroup;
			children = (
				520BD97925990F7200659295 /* CoreDataSchool */,
				520BD97825990F7200659295 /* Products */,
			);
			sourceTree = "<group>";
		};
		520BD97825990F7200659295 /* Products */ = {
			isa = PBXGroup;
			children = (
				520BD97725990F7200659295 /* CoreDataSchool.app */,
			);
			name = Products;
			sourceTree = "<group>";
		};
		520BD97925990F7200659295 /* CoreDataSchool */ = {
			isa = PBXGroup;
			children = (
				520BD97A25990F7200659295 /* AppDelegate.swift */,
				520BD97C25990F7200659295 /* SceneDelegate.swift */,
				520BD97E25990F7200659295 /* ViewController.swift */,
				520BD98025990F7200659295 /* Main.storyboard */,
				520BD98625990F7300659295 /* Assets.xcassets */,
				520BD98825990F7300659295 /* LaunchScreen.storyboard */,
				520BD98B25990F7300659295 /* Info.plist */,
				520BD98325990F7200659295 /* CoreDataSchool.xcdatamodeld */,
			);
			path = CoreDataSchool;
			sourceTree = "<group>";
		};
/* End PBXGroup section */

/* Begin PBXNativeTarget section */
		520BD97625990F7200659295 /* CoreDataSchool */ = {
			isa = PBXNativeTarget;
			buildConfigurationList = 520BD98E25990F7300659295 /* Build configuration list for PBXNativeTarget "CoreDataSchool" */;
			buildPhases = (
				520BD97325990F7200659295 /* Sources */,
				520BD97425990F7200659295 /* Frameworks */,
				520BD97525990F7200659295 /* Resources */,
			);
			buildRules = (
			);
			dependencies = (
			);
			name = CoreDataSchool;
			productName = CoreDataSchool;
			productReference = 520BD97725990F7200659295 /* CoreDataSchool.app */;
			productType = "com.apple.product-type.application";
		};
/* End PBXNativeTarget section */

/* Begin PBXProject section */
		520BD96F25990F7200659295 /* Project object */ = {
			isa = PBXProject;
			attributes = {
				LastSwiftUpdateCheck = 1220;
				LastUpgradeCheck = 1220;
				TargetAttributes = {
					520BD97625990F7200659295 = {
						CreatedOnToolsVersion = 12.2;
					};
				};
			};
			buildConfigurationList = 520BD97225990F7200659295 /* Build configuration list for PBXProject "CoreDataSchool" */;
			compatibilityVersion = "Xcode 9.3";
			developmentRegion = en;
			hasScannedForEncodings = 0;
			knownRegions = (
				en,
				Base,
			);
			mainGroup = 520BD96E25990F7200659295;
			productRefGroup = 520BD97825990F7200659295 /* Products */;
			projectDirPath = "";
			projectRoot = "";
			targets = (
				520BD97625990F7200659295 /* CoreDataSchool */,
			);
		};
/* End PBXProject section */

/* Begin PBXResourcesBuildPhase section */
		520BD97525990F7200659295 /* Resources */ = {
			isa = PBXResourcesBuildPhase;
			buildActionMask = 2147483647;
			files = (
				520BD98A25990F7300659295 /* LaunchScreen.storyboard in Resources */,
				520BD98725990F7300659295 /* Assets.xcassets in Resources */,
				520BD98225990F7200659295 /* Main.storyboard in Resources */,
			);
			runOnlyForDeploymentPostprocessing = 0;
		};
/* End PBXResourcesBuildPhase section */

/* Begin PBXSourcesBuildPhase section */
		520BD97325990F7200659295 /* Sources */ = {
			isa = PBXSourcesBuildPhase;
			buildActionMask = 2147483647;
			files = (
				520BD97F25990F7200659295 /* ViewController.swift in Sources */,
				520BD97B25990F7200659295 /* AppDelegate.swift in Sources */,
				520BD98525990F7200659295 /* CoreDataSchool.xcdatamodeld in Sources */,
				520BD97D25990F7200659295 /* SceneDelegate.swift in Sources */,
			);
			runOnlyForDeploymentPostprocessing = 0;
		};
/* End PBXSourcesBuildPhase section */

/* Begin PBXVariantGroup section */
		520BD98025990F7200659295 /* Main.storyboard */ = {
			isa = PBXVariantGroup;
			children = (
				520BD98125990F7200659295 /* Base */,
			);
			name = Main.storyboard;
			sourceTree = "<group>";
		};
		520BD98825990F7300659295 /* LaunchScreen.storyboard */ = {
			isa = PBXVariantGroup;
			children = (
				520BD98925990F7300659295 /* Base */,
			);
			name = LaunchScreen.storyboard;
			sourceTree = "<group>";
		};
/* End PBXVariantGroup section */

/* Begin XCBuildConfiguration section */
		520BD98C25990F7300659295 /* Debug */ = {
			isa = XCBuildConfiguration;
			buildSettings = {
				ALWAYS_SEARCH_USER_PATHS = NO;
				CLANG_ANALYZER_NONNULL = YES;
				CLANG_ANALYZER_NUMBER_OBJECT_CONVERSION = YES_AGGRESSIVE;
				CLANG_CXX_LANGUAGE_STANDARD = "gnu++14";
				CLANG_CXX_LIBRARY = "libc++";
				CLANG_ENABLE_MODULES = YES;
				CLANG_ENABLE_OBJC_ARC = YES;
				CLANG_ENABLE_OBJC_WEAK = YES;
				CLANG_WARN_BLOCK_CAPTURE_AUTORELEASING = YES;
				CLANG_WARN_BOOL_CONVERSION = YES;
				CLANG_WARN_COMMA = YES;
				CLANG_WARN_CONSTANT_CONVERSION = YES;
				CLANG_WARN_DEPRECATED_OBJC_IMPLEMENTATIONS = YES;
				CLANG_WARN_DIRECT_OBJC_ISA_USAGE = YES_ERROR;
				CLANG_WARN_DOCUMENTATION_COMMENTS = YES;
				CLANG_WARN_EMPTY_BODY = YES;
				CLANG_WARN_ENUM_CONVERSION = YES;
				CLANG_WARN_INFINITE_RECURSION = YES;
				CLANG_WARN_INT_CONVERSION = YES;
				CLANG_WARN_NON_LITERAL_NULL_CONVERSION = YES;
				CLANG_WARN_OBJC_IMPLICIT_RETAIN_SELF = YES;
				CLANG_WARN_OBJC_LITERAL_CONVERSION = YES;
				CLANG_WARN_OBJC_ROOT_CLASS = YES_ERROR;
				CLANG_WARN_QUOTED_INCLUDE_IN_FRAMEWORK_HEADER = YES;
				CLANG_WARN_RANGE_LOOP_ANALYSIS = YES;
				CLANG_WARN_STRICT_PROTOTYPES = YES;
				CLANG_WARN_SUSPICIOUS_MOVE = YES;
				CLANG_WARN_UNGUARDED_AVAILABILITY = YES_AGGRESSIVE;
				CLANG_WARN_UNREACHABLE_CODE = YES;
				CLANG_WARN__DUPLICATE_METHOD_MATCH = YES;
				COPY_PHASE_STRIP = NO;
				DEBUG_INFORMATION_FORMAT = dwarf;
				ENABLE_STRICT_OBJC_MSGSEND = YES;
				ENABLE_TESTABILITY = YES;
				GCC_C_LANGUAGE_STANDARD = gnu11;
				GCC_DYNAMIC_NO_PIC = NO;
				GCC_NO_COMMON_BLOCKS = YES;
				GCC_OPTIMIZATION_LEVEL = 0;
				GCC_PREPROCESSOR_DEFINITIONS = (
					"DEBUG=1",
					"$(inherited)",
				);
				GCC_WARN_64_TO_32_BIT_CONVERSION = YES;
				GCC_WARN_ABOUT_RETURN_TYPE = YES_ERROR;
				GCC_WARN_UNDECLARED_SELECTOR = YES;
				GCC_WARN_UNINITIALIZED_AUTOS = YES_AGGRESSIVE;
				GCC_WARN_UNUSED_FUNCTION = YES;
				GCC_WARN_UNUSED_VARIABLE = YES;
				IPHONEOS_DEPLOYMENT_TARGET = 14.2;
				MTL_ENABLE_DEBUG_INFO = INCLUDE_SOURCE;
				MTL_FAST_MATH = YES;
				ONLY_ACTIVE_ARCH = YES;
				SDKROOT = iphoneos;
				SWIFT_ACTIVE_COMPILATION_CONDITIONS = DEBUG;
				SWIFT_OPTIMIZATION_LEVEL = "-Onone";
			};
			name = Debug;
		};
		520BD98D25990F7300659295 /* Release */ = {
			isa = XCBuildConfiguration;
			buildSettings = {
				ALWAYS_SEARCH_USER_PATHS = NO;
				CLANG_ANALYZER_NONNULL = YES;
				CLANG_ANALYZER_NUMBER_OBJECT_CONVERSION = YES_AGGRESSIVE;
				CLANG_CXX_LANGUAGE_STANDARD = "gnu++14";
				CLANG_CXX_LIBRARY = "libc++";
				CLANG_ENABLE_MODULES = YES;
				CLANG_ENABLE_OBJC_ARC = YES;
				CLANG_ENABLE_OBJC_WEAK = YES;
				CLANG_WARN_BLOCK_CAPTURE_AUTORELEASING = YES;
				CLANG_WARN_BOOL_CONVERSION = YES;
				CLANG_WARN_COMMA = YES;
				CLANG_WARN_CONSTANT_CONVERSION = YES;
				CLANG_WARN_DEPRECATED_OBJC_IMPLEMENTATIONS = YES;
				CLANG_WARN_DIRECT_OBJC_ISA_USAGE = YES_ERROR;
				CLANG_WARN_DOCUMENTATION_COMMENTS = YES;
				CLANG_WARN_EMPTY_BODY = YES;
				CLANG_WARN_ENUM_CONVERSION = YES;
				CLANG_WARN_INFINITE_RECURSION = YES;
				CLANG_WARN_INT_CONVERSION = YES;
				CLANG_WARN_NON_LITERAL_NULL_CONVERSION = YES;
				CLANG_WARN_OBJC_IMPLICIT_RETAIN_SELF = YES;
				CLANG_WARN_OBJC_LITERAL_CONVERSION = YES;
				CLANG_WARN_OBJC_ROOT_CLASS = YES_ERROR;
				CLANG_WARN_QUOTED_INCLUDE_IN_FRAMEWORK_HEADER = YES;
				CLANG_WARN_RANGE_LOOP_ANALYSIS = YES;
				CLANG_WARN_STRICT_PROTOTYPES = YES;
				CLANG_WARN_SUSPICIOUS_MOVE = YES;
				CLANG_WARN_UNGUARDED_AVAILABILITY = YES_AGGRESSIVE;
				CLANG_WARN_UNREACHABLE_CODE = YES;
				CLANG_WARN__DUPLICATE_METHOD_MATCH = YES;
				COPY_PHASE_STRIP = NO;
				DEBUG_INFORMATION_FORMAT = "dwarf-with-dsym";
				ENABLE_NS_ASSERTIONS = NO;
				ENABLE_STRICT_OBJC_MSGSEND = YES;
				GCC_C_LANGUAGE_STANDARD = gnu11;
				GCC_NO_COMMON_BLOCKS = YES;
				GCC_WARN_64_TO_32_BIT_CONVERSION = YES;
				GCC_WARN_ABOUT_RETURN_TYPE = YES_ERROR;
				GCC_WARN_UNDECLARED_SELECTOR = YES;
				GCC_WARN_UNINITIALIZED_AUTOS = YES_AGGRESSIVE;
				GCC_WARN_UNUSED_FUNCTION = YES;
				GCC_WARN_UNUSED_VARIABLE = YES;
				IPHONEOS_DEPLOYMENT_TARGET = 14.2;
				MTL_ENABLE_DEBUG_INFO = NO;
				MTL_FAST_MATH = YES;
				SDKROOT = iphoneos;
				SWIFT_COMPILATION_MODE = wholemodule;
				SWIFT_OPTIMIZATION_LEVEL = "-O";
				VALIDATE_PRODUCT = YES;
			};
			name = Release;
		};
		520BD98F25990F7300659295 /* Debug */ = {
			isa = XCBuildConfiguration;
			buildSettings = {
				ASSETCATALOG_COMPILER_APPICON_NAME = AppIcon;
				ASSETCATALOG_COMPILER_GLOBAL_ACCENT_COLOR_NAME = AccentColor;
				CODE_SIGN_STYLE = Automatic;
				DEVELOPMENT_TEAM = EDG9RYZ466;
				INFOPLIST_FILE = CoreDataSchool/Info.plist;
				LD_RUNPATH_SEARCH_PATHS = (
					"$(inherited)",
					"@executable_path/Frameworks",
				);
				PRODUCT_BUNDLE_IDENTIFIER = iX0ness.CoreDataSchool;
				PRODUCT_NAME = "$(TARGET_NAME)";
				SWIFT_VERSION = 5.0;
				TARGETED_DEVICE_FAMILY = "1,2";
			};
			name = Debug;
		};
		520BD99025990F7300659295 /* Release */ = {
			isa = XCBuildConfiguration;
			buildSettings = {
				ASSETCATALOG_COMPILER_APPICON_NAME = AppIcon;
				ASSETCATALOG_COMPILER_GLOBAL_ACCENT_COLOR_NAME = AccentColor;
				CODE_SIGN_STYLE = Automatic;
				DEVELOPMENT_TEAM = EDG9RYZ466;
				INFOPLIST_FILE = CoreDataSchool/Info.plist;
				LD_RUNPATH_SEARCH_PATHS = (
					"$(inherited)",
					"@executable_path/Frameworks",
				);
				PRODUCT_BUNDLE_IDENTIFIER = iX0ness.CoreDataSchool;
				PRODUCT_NAME = "$(TARGET_NAME)";
				SWIFT_VERSION = 5.0;
				TARGETED_DEVICE_FAMILY = "1,2";
			};
			name = Release;
		};
/* End XCBuildConfiguration section */

/* Begin XCConfigurationList section */
		520BD97225990F7200659295 /* Build configuration list for PBXProject "CoreDataSchool" */ = {
			isa = XCConfigurationList;
			buildConfigurations = (
				520BD98C25990F7300659295 /* Debug */,
				520BD98D25990F7300659295 /* Release */,
			);
			defaultConfigurationIsVisible = 0;
			defaultConfigurationName = Release;
		};
		520BD98E25990F7300659295 /* Build configuration list for PBXNativeTarget "CoreDataSchool" */ = {
			isa = XCConfigurationList;
			buildConfigurations = (
				520BD98F25990F7300659295 /* Debug */,
				520BD99025990F7300659295 /* Release */,
			);
			defaultConfigurationIsVisible = 0;
			defaultConfigurationName = Release;
		};
/* End XCConfigurationList section */

/* Begin XCVersionGroup section */
		520BD98325990F7200659295 /* CoreDataSchool.xcdatamodeld */ = {
			isa = XCVersionGroup;
			children = (
				520BD98425990F7200659295 /* CoreDataSchool.xcdatamodel */,
			);
			currentVersion = 520BD98425990F7200659295 /* CoreDataSchool.xcdatamodel */;
			path = CoreDataSchool.xcdatamodeld;
			sourceTree = "<group>";
			versionGroupType = wrapper.xcdatamodel;
		};
/* End XCVersionGroup section */
	};
	rootObject = 520BD96F25990F7200659295 /* Project object */;
}
